// !$*UTF8*$!
{
	archiveVersion = 1;
	classes = {
	};
	objectVersion = 50;
	objects = {

/* Begin PBXBuildFile section */
		7CC3428E22F933FF00CE3467 /* AppDelegate.swift in Sources */ = {isa = PBXBuildFile; fileRef = 7CC3428D22F933FF00CE3467 /* AppDelegate.swift */; };
		7CC3429022F933FF00CE3467 /* ViewController.swift in Sources */ = {isa = PBXBuildFile; fileRef = 7CC3428F22F933FF00CE3467 /* ViewController.swift */; };
		7CC3429322F933FF00CE3467 /* Main.storyboard in Resources */ = {isa = PBXBuildFile; fileRef = 7CC3429122F933FF00CE3467 /* Main.storyboard */; };
		7CC3429522F9340000CE3467 /* Assets.xcassets in Resources */ = {isa = PBXBuildFile; fileRef = 7CC3429422F9340000CE3467 /* Assets.xcassets */; };
		7CC3429822F9340000CE3467 /* LaunchScreen.storyboard in Resources */ = {isa = PBXBuildFile; fileRef = 7CC3429622F9340000CE3467 /* LaunchScreen.storyboard */; };
		7CC342A322F9340000CE3467 /* MyFantasticViewTests.swift in Sources */ = {isa = PBXBuildFile; fileRef = 7CC342A222F9340000CE3467 /* MyFantasticViewTests.swift */; };
		7CC342AE22F9340000CE3467 /* MyFantasticViewUITests.swift in Sources */ = {isa = PBXBuildFile; fileRef = 7CC342AD22F9340000CE3467 /* MyFantasticViewUITests.swift */; };
/* End PBXBuildFile section */

/* Begin PBXContainerItemProxy section */
		7CC3429F22F9340000CE3467 /* PBXContainerItemProxy */ = {
			isa = PBXContainerItemProxy;
			containerPortal = 7CC3428222F933FF00CE3467 /* Project object */;
			proxyType = 1;
			remoteGlobalIDString = 7CC3428922F933FF00CE3467;
			remoteInfo = MyFantasticView;
		};
		7CC342AA22F9340000CE3467 /* PBXContainerItemProxy */ = {
			isa = PBXContainerItemProxy;
			containerPortal = 7CC3428222F933FF00CE3467 /* Project object */;
			proxyType = 1;
			remoteGlobalIDString = 7CC3428922F933FF00CE3467;
			remoteInfo = MyFantasticView;
		};
/* End PBXContainerItemProxy section */

/* Begin PBXFileReference section */
		7CC3428A22F933FF00CE3467 /* MyFantasticView.app */ = {isa = PBXFileReference; explicitFileType = wrapper.application; includeInIndex = 0; path = MyFantasticView.app; sourceTree = BUILT_PRODUCTS_DIR; };
		7CC3428D22F933FF00CE3467 /* AppDelegate.swift */ = {isa = PBXFileReference; lastKnownFileType = sourcecode.swift; path = AppDelegate.swift; sourceTree = "<group>"; };
		7CC3428F22F933FF00CE3467 /* ViewController.swift */ = {isa = PBXFileReference; lastKnownFileType = sourcecode.swift; path = ViewController.swift; sourceTree = "<group>"; };
		7CC3429222F933FF00CE3467 /* Base */ = {isa = PBXFileReference; lastKnownFileType = file.storyboard; name = Base; path = Base.lproj/Main.storyboard; sourceTree = "<group>"; };
		7CC3429422F9340000CE3467 /* Assets.xcassets */ = {isa = PBXFileReference; lastKnownFileType = folder.assetcatalog; path = Assets.xcassets; sourceTree = "<group>"; };
		7CC3429722F9340000CE3467 /* Base */ = {isa = PBXFileReference; lastKnownFileType = file.storyboard; name = Base; path = Base.lproj/LaunchScreen.storyboard; sourceTree = "<group>"; };
		7CC3429922F9340000CE3467 /* Info.plist */ = {isa = PBXFileReference; lastKnownFileType = text.plist.xml; path = Info.plist; sourceTree = "<group>"; };
		7CC3429E22F9340000CE3467 /* MyFantasticViewTests.xctest */ = {isa = PBXFileReference; explicitFileType = wrapper.cfbundle; includeInIndex = 0; path = MyFantasticViewTests.xctest; sourceTree = BUILT_PRODUCTS_DIR; };
		7CC342A222F9340000CE3467 /* MyFantasticViewTests.swift */ = {isa = PBXFileReference; lastKnownFileType = sourcecode.swift; path = MyFantasticViewTests.swift; sourceTree = "<group>"; };
		7CC342A422F9340000CE3467 /* Info.plist */ = {isa = PBXFileReference; lastKnownFileType = text.plist.xml; path = Info.plist; sourceTree = "<group>"; };
		7CC342A922F9340000CE3467 /* MyFantasticViewUITests.xctest */ = {isa = PBXFileReference; explicitFileType = wrapper.cfbundle; includeInIndex = 0; path = MyFantasticViewUITests.xctest; sourceTree = BUILT_PRODUCTS_DIR; };
		7CC342AD22F9340000CE3467 /* MyFantasticViewUITests.swift */ = {isa = PBXFileReference; lastKnownFileType = sourcecode.swift; path = MyFantasticViewUITests.swift; sourceTree = "<group>"; };
		7CC342AF22F9340000CE3467 /* Info.plist */ = {isa = PBXFileReference; lastKnownFileType = text.plist.xml; path = Info.plist; sourceTree = "<group>"; };
/* End PBXFileReference section */

/* Begin PBXFrameworksBuildPhase section */
		7CC3428722F933FF00CE3467 /* Frameworks */ = {
			isa = PBXFrameworksBuildPhase;
			buildActionMask = 2147483647;
			files = (
			);
			runOnlyForDeploymentPostprocessing = 0;
		};
		7CC3429B22F9340000CE3467 /* Frameworks */ = {
			isa = PBXFrameworksBuildPhase;
			buildActionMask = 2147483647;
			files = (
			);
			runOnlyForDeploymentPostprocessing = 0;
		};
		7CC342A622F9340000CE3467 /* Frameworks */ = {
			isa = PBXFrameworksBuildPhase;
			buildActionMask = 2147483647;
			files = (
			);
			runOnlyForDeploymentPostprocessing = 0;
		};
/* End PBXFrameworksBuildPhase section */

/* Begin PBXGroup section */
		7CC3428122F933FF00CE3467 = {
			isa = PBXGroup;
			children = (
				7CC3428C22F933FF00CE3467 /* MyFantasticView */,
				7CC342A122F9340000CE3467 /* MyFantasticViewTests */,
				7CC342AC22F9340000CE3467 /* MyFantasticViewUITests */,
				7CC3428B22F933FF00CE3467 /* Products */,
			);
			sourceTree = "<group>";
		};
		7CC3428B22F933FF00CE3467 /* Products */ = {
			isa = PBXGroup;
			children = (
				7CC3428A22F933FF00CE3467 /* MyFantasticView.app */,
				7CC3429E22F9340000CE3467 /* MyFantasticViewTests.xctest */,
				7CC342A922F9340000CE3467 /* MyFantasticViewUITests.xctest */,
			);
			name = Products;
			sourceTree = "<group>";
		};
		7CC3428C22F933FF00CE3467 /* MyFantasticView */ = {
			isa = PBXGroup;
			children = (
				7CC3428D22F933FF00CE3467 /* AppDelegate.swift */,
				7CC3428F22F933FF00CE3467 /* ViewController.swift */,
				7CC3429122F933FF00CE3467 /* Main.storyboard */,
				7CC3429422F9340000CE3467 /* Assets.xcassets */,
				7CC3429622F9340000CE3467 /* LaunchScreen.storyboard */,
				7CC3429922F9340000CE3467 /* Info.plist */,
			);
			path = MyFantasticView;
			sourceTree = "<group>";
		};
		7CC342A122F9340000CE3467 /* MyFantasticViewTests */ = {
			isa = PBXGroup;
			children = (
				7CC342A222F9340000CE3467 /* MyFantasticViewTests.swift */,
				7CC342A422F9340000CE3467 /* Info.plist */,
			);
			path = MyFantasticViewTests;
			sourceTree = "<group>";
		};
		7CC342AC22F9340000CE3467 /* MyFantasticViewUITests */ = {
			isa = PBXGroup;
			children = (
				7CC342AD22F9340000CE3467 /* MyFantasticViewUITests.swift */,
				7CC342AF22F9340000CE3467 /* Info.plist */,
			);
			path = MyFantasticViewUITests;
			sourceTree = "<group>";
		};
/* End PBXGroup section */

/* Begin PBXNativeTarget section */
		7CC3428922F933FF00CE3467 /* MyFantasticView */ = {
			isa = PBXNativeTarget;
			buildConfigurationList = 7CC342B222F9340000CE3467 /* Build configuration list for PBXNativeTarget "MyFantasticView" */;
			buildPhases = (
				7CC3428622F933FF00CE3467 /* Sources */,
				7CC3428722F933FF00CE3467 /* Frameworks */,
				7CC3428822F933FF00CE3467 /* Resources */,
			);
			buildRules = (
			);
			dependencies = (
			);
			name = MyFantasticView;
			productName = MyFantasticView;
			productReference = 7CC3428A22F933FF00CE3467 /* MyFantasticView.app */;
			productType = "com.apple.product-type.application";
		};
		7CC3429D22F9340000CE3467 /* MyFantasticViewTests */ = {
			isa = PBXNativeTarget;
			buildConfigurationList = 7CC342B522F9340000CE3467 /* Build configuration list for PBXNativeTarget "MyFantasticViewTests" */;
			buildPhases = (
				7CC3429A22F9340000CE3467 /* Sources */,
				7CC3429B22F9340000CE3467 /* Frameworks */,
				7CC3429C22F9340000CE3467 /* Resources */,
			);
			buildRules = (
			);
			dependencies = (
				7CC342A022F9340000CE3467 /* PBXTargetDependency */,
			);
			name = MyFantasticViewTests;
			productName = MyFantasticViewTests;
			productReference = 7CC3429E22F9340000CE3467 /* MyFantasticViewTests.xctest */;
			productType = "com.apple.product-type.bundle.unit-test";
		};
		7CC342A822F9340000CE3467 /* MyFantasticViewUITests */ = {
			isa = PBXNativeTarget;
			buildConfigurationList = 7CC342B822F9340000CE3467 /* Build configuration list for PBXNativeTarget "MyFantasticViewUITests" */;
			buildPhases = (
				7CC342A522F9340000CE3467 /* Sources */,
				7CC342A622F9340000CE3467 /* Frameworks */,
				7CC342A722F9340000CE3467 /* Resources */,
			);
			buildRules = (
			);
			dependencies = (
				7CC342AB22F9340000CE3467 /* PBXTargetDependency */,
			);
			name = MyFantasticViewUITests;
			productName = MyFantasticViewUITests;
			productReference = 7CC342A922F9340000CE3467 /* MyFantasticViewUITests.xctest */;
			productType = "com.apple.product-type.bundle.ui-testing";
		};
/* End PBXNativeTarget section */

/* Begin PBXProject section */
		7CC3428222F933FF00CE3467 /* Project object */ = {
			isa = PBXProject;
			attributes = {
				LastSwiftUpdateCheck = 1020;
				LastUpgradeCheck = 1020;
				ORGANIZATIONNAME = venco4;
				TargetAttributes = {
					7CC3428922F933FF00CE3467 = {
						CreatedOnToolsVersion = 10.2.1;
					};
					7CC3429D22F9340000CE3467 = {
						CreatedOnToolsVersion = 10.2.1;
						TestTargetID = 7CC3428922F933FF00CE3467;
					};
					7CC342A822F9340000CE3467 = {
						CreatedOnToolsVersion = 10.2.1;
						TestTargetID = 7CC3428922F933FF00CE3467;
					};
				};
			};
			buildConfigurationList = 7CC3428522F933FF00CE3467 /* Build configuration list for PBXProject "MyFantasticView" */;
			compatibilityVersion = "Xcode 9.3";
			developmentRegion = en;
			hasScannedForEncodings = 0;
			knownRegions = (
				en,
				Base,
			);
			mainGroup = 7CC3428122F933FF00CE3467;
			productRefGroup = 7CC3428B22F933FF00CE3467 /* Products */;
			projectDirPath = "";
			projectRoot = "";
			targets = (
				7CC3428922F933FF00CE3467 /* MyFantasticView */,
				7CC3429D22F9340000CE3467 /* MyFantasticViewTests */,
				7CC342A822F9340000CE3467 /* MyFantasticViewUITests */,
			);
		};
/* End PBXProject section */

/* Begin PBXResourcesBuildPhase section */
		7CC3428822F933FF00CE3467 /* Resources */ = {
			isa = PBXResourcesBuildPhase;
			buildActionMask = 2147483647;
			files = (
				7CC3429822F9340000CE3467 /* LaunchScreen.storyboard in Resources */,
				7CC3429522F9340000CE3467 /* Assets.xcassets in Resources */,
				7CC3429322F933FF00CE3467 /* Main.storyboard in Resources */,
			);
			runOnlyForDeploymentPostprocessing = 0;
		};
		7CC3429C22F9340000CE3467 /* Resources */ = {
			isa = PBXResourcesBuildPhase;
			buildActionMask = 2147483647;
			files = (
			);
			runOnlyForDeploymentPostprocessing = 0;
		};
		7CC342A722F9340000CE3467 /* Resources */ = {
			isa = PBXResourcesBuildPhase;
			buildActionMask = 2147483647;
			files = (
			);
			runOnlyForDeploymentPostprocessing = 0;
		};
/* End PBXResourcesBuildPhase section */

/* Begin PBXSourcesBuildPhase section */
		7CC3428622F933FF00CE3467 /* Sources */ = {
			isa = PBXSourcesBuildPhase;
			buildActionMask = 2147483647;
			files = (
				7CC3429022F933FF00CE3467 /* ViewController.swift in Sources */,
				7CC3428E22F933FF00CE3467 /* AppDelegate.swift in Sources */,
			);
			runOnlyForDeploymentPostprocessing = 0;
		};
		7CC3429A22F9340000CE3467 /* Sources */ = {
			isa = PBXSourcesBuildPhase;
			buildActionMask = 2147483647;
			files = (
				7CC342A322F9340000CE3467 /* MyFantasticViewTests.swift in Sources */,
			);
			runOnlyForDeploymentPostprocessing = 0;
		};
		7CC342A522F9340000CE3467 /* Sources */ = {
			isa = PBXSourcesBuildPhase;
			buildActionMask = 2147483647;
			files = (
				7CC342AE22F9340000CE3467 /* MyFantasticViewUITests.swift in Sources */,
			);
			runOnlyForDeploymentPostprocessing = 0;
		};
/* End PBXSourcesBuildPhase section */

/* Begin PBXTargetDependency section */
		7CC342A022F9340000CE3467 /* PBXTargetDependency */ = {
			isa = PBXTargetDependency;
			target = 7CC3428922F933FF00CE3467 /* MyFantasticView */;
			targetProxy = 7CC3429F22F9340000CE3467 /* PBXContainerItemProxy */;
		};
		7CC342AB22F9340000CE3467 /* PBXTargetDependency */ = {
			isa = PBXTargetDependency;
			target = 7CC3428922F933FF00CE3467 /* MyFantasticView */;
			targetProxy = 7CC342AA22F9340000CE3467 /* PBXContainerItemProxy */;
		};
/* End PBXTargetDependency section */

/* Begin PBXVariantGroup section */
		7CC3429122F933FF00CE3467 /* Main.storyboard */ = {
			isa = PBXVariantGroup;
			children = (
				7CC3429222F933FF00CE3467 /* Base */,
			);
			name = Main.storyboard;
			sourceTree = "<group>";
		};
		7CC3429622F9340000CE3467 /* LaunchScreen.storyboard */ = {
			isa = PBXVariantGroup;
			children = (
				7CC3429722F9340000CE3467 /* Base */,
			);
			name = LaunchScreen.storyboard;
			sourceTree = "<group>";
		};
/* End PBXVariantGroup section */

/* Begin XCBuildConfiguration section */
		7CC342B022F9340000CE3467 /* Debug */ = {
			isa = XCBuildConfiguration;
			buildSettings = {
				ALWAYS_SEARCH_USER_PATHS = NO;
				CLANG_ANALYZER_NONNULL = YES;
				CLANG_ANALYZER_NUMBER_OBJECT_CONVERSION = YES_AGGRESSIVE;
				CLANG_CXX_LANGUAGE_STANDARD = "gnu++14";
				CLANG_CXX_LIBRARY = "libc++";
				CLANG_ENABLE_MODULES = YES;
				CLANG_ENABLE_OBJC_ARC = YES;
				CLANG_ENABLE_OBJC_WEAK = YES;
				CLANG_WARN_BLOCK_CAPTURE_AUTORELEASING = YES;
				CLANG_WARN_BOOL_CONVERSION = YES;
				CLANG_WARN_COMMA = YES;
				CLANG_WARN_CONSTANT_CONVERSION = YES;
				CLANG_WARN_DEPRECATED_OBJC_IMPLEMENTATIONS = YES;
				CLANG_WARN_DIRECT_OBJC_ISA_USAGE = YES_ERROR;
				CLANG_WARN_DOCUMENTATION_COMMENTS = YES;
				CLANG_WARN_EMPTY_BODY = YES;
				CLANG_WARN_ENUM_CONVERSION = YES;
				CLANG_WARN_INFINITE_RECURSION = YES;
				CLANG_WARN_INT_CONVERSION = YES;
				CLANG_WARN_NON_LITERAL_NULL_CONVERSION = YES;
				CLANG_WARN_OBJC_IMPLICIT_RETAIN_SELF = YES;
				CLANG_WARN_OBJC_LITERAL_CONVERSION = YES;
				CLANG_WARN_OBJC_ROOT_CLASS = YES_ERROR;
				CLANG_WARN_RANGE_LOOP_ANALYSIS = YES;
				CLANG_WARN_STRICT_PROTOTYPES = YES;
				CLANG_WARN_SUSPICIOUS_MOVE = YES;
				CLANG_WARN_UNGUARDED_AVAILABILITY = YES_AGGRESSIVE;
				CLANG_WARN_UNREACHABLE_CODE = YES;
				CLANG_WARN__DUPLICATE_METHOD_MATCH = YES;
				CODE_SIGN_IDENTITY = "iPhone Developer";
				COPY_PHASE_STRIP = NO;
				DEBUG_INFORMATION_FORMAT = dwarf;
				ENABLE_STRICT_OBJC_MSGSEND = YES;
				ENABLE_TESTABILITY = YES;
				GCC_C_LANGUAGE_STANDARD = gnu11;
				GCC_DYNAMIC_NO_PIC = NO;
				GCC_NO_COMMON_BLOCKS = YES;
				GCC_OPTIMIZATION_LEVEL = 0;
				GCC_PREPROCESSOR_DEFINITIONS = (
					"DEBUG=1",
					"$(inherited)",
				);
				GCC_WARN_64_TO_32_BIT_CONVERSION = YES;
				GCC_WARN_ABOUT_RETURN_TYPE = YES_ERROR;
				GCC_WARN_UNDECLARED_SELECTOR = YES;
				GCC_WARN_UNINITIALIZED_AUTOS = YES_AGGRESSIVE;
				GCC_WARN_UNUSED_FUNCTION = YES;
				GCC_WARN_UNUSED_VARIABLE = YES;
				IPHONEOS_DEPLOYMENT_TARGET = 12.2;
				MTL_ENABLE_DEBUG_INFO = INCLUDE_SOURCE;
				MTL_FAST_MATH = YES;
				ONLY_ACTIVE_ARCH = YES;
				SDKROOT = iphoneos;
				SWIFT_ACTIVE_COMPILATION_CONDITIONS = DEBUG;
				SWIFT_OPTIMIZATION_LEVEL = "-Onone";
			};
			name = Debug;
		};
		7CC342B122F9340000CE3467 /* Release */ = {
			isa = XCBuildConfiguration;
			buildSettings = {
				ALWAYS_SEARCH_USER_PATHS = NO;
				CLANG_ANALYZER_NONNULL = YES;
				CLANG_ANALYZER_NUMBER_OBJECT_CONVERSION = YES_AGGRESSIVE;
				CLANG_CXX_LANGUAGE_STANDARD = "gnu++14";
				CLANG_CXX_LIBRARY = "libc++";
				CLANG_ENABLE_MODULES = YES;
				CLANG_ENABLE_OBJC_ARC = YES;
				CLANG_ENABLE_OBJC_WEAK = YES;
				CLANG_WARN_BLOCK_CAPTURE_AUTORELEASING = YES;
				CLANG_WARN_BOOL_CONVERSION = YES;
				CLANG_WARN_COMMA = YES;
				CLANG_WARN_CONSTANT_CONVERSION = YES;
				CLANG_WARN_DEPRECATED_OBJC_IMPLEMENTATIONS = YES;
				CLANG_WARN_DIRECT_OBJC_ISA_USAGE = YES_ERROR;
				CLANG_WARN_DOCUMENTATION_COMMENTS = YES;
				CLANG_WARN_EMPTY_BODY = YES;
				CLANG_WARN_ENUM_CONVERSION = YES;
				CLANG_WARN_INFINITE_RECURSION = YES;
				CLANG_WARN_INT_CONVERSION = YES;
				CLANG_WARN_NON_LITERAL_NULL_CONVERSION = YES;
				CLANG_WARN_OBJC_IMPLICIT_RETAIN_SELF = YES;
				CLANG_WARN_OBJC_LITERAL_CONVERSION = YES;
				CLANG_WARN_OBJC_ROOT_CLASS = YES_ERROR;
				CLANG_WARN_RANGE_LOOP_ANALYSIS = YES;
				CLANG_WARN_STRICT_PROTOTYPES = YES;
				CLANG_WARN_SUSPICIOUS_MOVE = YES;
				CLANG_WARN_UNGUARDED_AVAILABILITY = YES_AGGRESSIVE;
				CLANG_WARN_UNREACHABLE_CODE = YES;
				CLANG_WARN__DUPLICATE_METHOD_MATCH = YES;
				CODE_SIGN_IDENTITY = "iPhone Developer";
				COPY_PHASE_STRIP = NO;
				DEBUG_INFORMATION_FORMAT = "dwarf-with-dsym";
				ENABLE_NS_ASSERTIONS = NO;
				ENABLE_STRICT_OBJC_MSGSEND = YES;
				GCC_C_LANGUAGE_STANDARD = gnu11;
				GCC_NO_COMMON_BLOCKS = YES;
				GCC_WARN_64_TO_32_BIT_CONVERSION = YES;
				GCC_WARN_ABOUT_RETURN_TYPE = YES_ERROR;
				GCC_WARN_UNDECLARED_SELECTOR = YES;
				GCC_WARN_UNINITIALIZED_AUTOS = YES_AGGRESSIVE;
				GCC_WARN_UNUSED_FUNCTION = YES;
				GCC_WARN_UNUSED_VARIABLE = YES;
				IPHONEOS_DEPLOYMENT_TARGET = 12.2;
				MTL_ENABLE_DEBUG_INFO = NO;
				MTL_FAST_MATH = YES;
				SDKROOT = iphoneos;
				SWIFT_COMPILATION_MODE = wholemodule;
				SWIFT_OPTIMIZATION_LEVEL = "-O";
				VALIDATE_PRODUCT = YES;
			};
			name = Release;
		};
		7CC342B322F9340000CE3467 /* Debug */ = {
			isa = XCBuildConfiguration;
			buildSettings = {
				ASSETCATALOG_COMPILER_APPICON_NAME = AppIcon;
				CODE_SIGN_STYLE = Automatic;
				INFOPLIST_FILE = MyFantasticView/Info.plist;
				LD_RUNPATH_SEARCH_PATHS = (
					"$(inherited)",
					"@executable_path/Frameworks",
				);
				PRODUCT_BUNDLE_IDENTIFIER = com.uob.MyFantasticView;
				PRODUCT_NAME = "$(TARGET_NAME)";
				SWIFT_VERSION = 5.0;
				TARGETED_DEVICE_FAMILY = "1,2";
			};
			name = Debug;
		};
		7CC342B422F9340000CE3467 /* Release */ = {
			isa = XCBuildConfiguration;
			buildSettings = {
				ASSETCATALOG_COMPILER_APPICON_NAME = AppIcon;
				CODE_SIGN_STYLE = Automatic;
				INFOPLIST_FILE = MyFantasticView/Info.plist;
				LD_RUNPATH_SEARCH_PATHS = (
					"$(inherited)",
					"@executable_path/Frameworks",
				);
				PRODUCT_BUNDLE_IDENTIFIER = com.uob.MyFantasticView;
				PRODUCT_NAME = "$(TARGET_NAME)";
				SWIFT_VERSION = 5.0;
				TARGETED_DEVICE_FAMILY = "1,2";
			};
			name = Release;
		};
		7CC342B622F9340000CE3467 /* Debug */ = {
			isa = XCBuildConfiguration;
			buildSettings = {
				ALWAYS_EMBED_SWIFT_STANDARD_LIBRARIES = YES;
				BUNDLE_LOADER = "$(TEST_HOST)";
				CODE_SIGN_STYLE = Automatic;
				INFOPLIST_FILE = MyFantasticViewTests/Info.plist;
				LD_RUNPATH_SEARCH_PATHS = (
					"$(inherited)",
					"@executable_path/Frameworks",
					"@loader_path/Frameworks",
				);
				PRODUCT_BUNDLE_IDENTIFIER = com.uob.MyFantasticViewTests;
				PRODUCT_NAME = "$(TARGET_NAME)";
				SWIFT_VERSION = 5.0;
				TARGETED_DEVICE_FAMILY = "1,2";
				TEST_HOST = "$(BUILT_PRODUCTS_DIR)/MyFantasticView.app/MyFantasticView";
			};
			name = Debug;
		};
		7CC342B722F9340000CE3467 /* Release */ = {
			isa = XCBuildConfiguration;
			buildSettings = {
				ALWAYS_EMBED_SWIFT_STANDARD_LIBRARIES = YES;
				BUNDLE_LOADER = "$(TEST_HOST)";
				CODE_SIGN_STYLE = Automatic;
				INFOPLIST_FILE = MyFantasticViewTests/Info.plist;
				LD_RUNPATH_SEARCH_PATHS = (
					"$(inherited)",
					"@executable_path/Frameworks",
					"@loader_path/Frameworks",
				);
				PRODUCT_BUNDLE_IDENTIFIER = com.uob.MyFantasticViewTests;
				PRODUCT_NAME = "$(TARGET_NAME)";
				SWIFT_VERSION = 5.0;
				TARGETED_DEVICE_FAMILY = "1,2";
				TEST_HOST = "$(BUILT_PRODUCTS_DIR)/MyFantasticView.app/MyFantasticView";
			};
			name = Release;
		};
		7CC342B922F9340000CE3467 /* Debug */ = {
			isa = XCBuildConfiguration;
			buildSettings = {
				ALWAYS_EMBED_SWIFT_STANDARD_LIBRARIES = YES;
				CODE_SIGN_STYLE = Automatic;
				INFOPLIST_FILE = MyFantasticViewUITests/Info.plist;
				LD_RUNPATH_SEARCH_PATHS = (
					"$(inherited)",
					"@executable_path/Frameworks",
					"@loader_path/Frameworks",
				);
				PRODUCT_BUNDLE_IDENTIFIER = com.uob.MyFantasticViewUITests;
				PRODUCT_NAME = "$(TARGET_NAME)";
				SWIFT_VERSION = 5.0;
				TARGETED_DEVICE_FAMILY = "1,2";
				TEST_TARGET_NAME = MyFantasticView;
			};
			name = Debug;
		};
		7CC342BA22F9340000CE3467 /* Release */ = {
			isa = XCBuildConfiguration;
			buildSettings = {
				ALWAYS_EMBED_SWIFT_STANDARD_LIBRARIES = YES;
				CODE_SIGN_STYLE = Automatic;
				INFOPLIST_FILE = MyFantasticViewUITests/Info.plist;
				LD_RUNPATH_SEARCH_PATHS = (
					"$(inherited)",
					"@executable_path/Frameworks",
					"@loader_path/Frameworks",
				);
				PRODUCT_BUNDLE_IDENTIFIER = com.uob.MyFantasticViewUITests;
				PRODUCT_NAME = "$(TARGET_NAME)";
				SWIFT_VERSION = 5.0;
				TARGETED_DEVICE_FAMILY = "1,2";
				TEST_TARGET_NAME = MyFantasticView;
			};
			name = Release;
		};
/* End XCBuildConfiguration section */

/* Begin XCConfigurationList section */
		7CC3428522F933FF00CE3467 /* Build configuration list for PBXProject "MyFantasticView" */ = {
			isa = XCConfigurationList;
			buildConfigurations = (
				7CC342B022F9340000CE3467 /* Debug */,
				7CC342B122F9340000CE3467 /* Release */,
			);
			defaultConfigurationIsVisible = 0;
			defaultConfigurationName = Release;
		};
		7CC342B222F9340000CE3467 /* Build configuration list for PBXNativeTarget "MyFantasticView" */ = {
			isa = XCConfigurationList;
			buildConfigurations = (
				7CC342B322F9340000CE3467 /* Debug */,
				7CC342B422F9340000CE3467 /* Release */,
			);
			defaultConfigurationIsVisible = 0;
			defaultConfigurationName = Release;
		};
		7CC342B522F9340000CE3467 /* Build configuration list for PBXNativeTarget "MyFantasticViewTests" */ = {
			isa = XCConfigurationList;
			buildConfigurations = (
				7CC342B622F9340000CE3467 /* Debug */,
				7CC342B722F9340000CE3467 /* Release */,
			);
			defaultConfigurationIsVisible = 0;
			defaultConfigurationName = Release;
		};
		7CC342B822F9340000CE3467 /* Build configuration list for PBXNativeTarget "MyFantasticViewUITests" */ = {
			isa = XCConfigurationList;
			buildConfigurations = (
				7CC342B922F9340000CE3467 /* Debug */,
				7CC342BA22F9340000CE3467 /* Release */,
			);
			defaultConfigurationIsVisible = 0;
			defaultConfigurationName = Release;
		};
/* End XCConfigurationList section */
	};
	rootObject = 7CC3428222F933FF00CE3467 /* Project object */;
}
